
Microsoft Visual Studio Solution File, Format Version 12.00
# Visual Studio 14
VisualStudioVersion = 14.0.25420.1
MinimumVisualStudioVersion = 10.0.40219.1
Project("{FAE04EC0-301F-11D3-BF4B-00C04F79EFBC}") = "NewUITestFW", "NewUITestFW\NewUITestFW.csproj", "{76ACD4EC-D3EC-424D-B5A3-B2A742E7D708}"
EndProject
Project("{FAE04EC0-301F-11D3-BF4B-00C04F79EFBC}") = "EATests", "EATests\EATests.csproj", "{8EDF4429-251A-416D-BB68-93F227191BCF}"
EndProject
Project("{FAE04EC0-301F-11D3-BF4B-00C04F79EFBC}") = "DemoQATests", "DemoQATests\DemoQATests.csproj", "{4E3CF5D1-FBC8-43F0-993B-235999B4FE7E}"
EndProject
Global
	GlobalSection(SolutionConfigurationPlatforms) = preSolution
		Debug|Any CPU = Debug|Any CPU
		Release|Any CPU = Release|Any CPU
	EndGlobalSection
	GlobalSection(ProjectConfigurationPlatforms) = postSolution
		{76ACD4EC-D3EC-424D-B5A3-B2A742E7D708}.Debug|Any CPU.ActiveCfg = Debug|Any CPU
		{76ACD4EC-D3EC-424D-B5A3-B2A742E7D708}.Debug|Any CPU.Build.0 = Debug|Any CPU
		{76ACD4EC-D3EC-424D-B5A3-B2A742E7D708}.Release|Any CPU.ActiveCfg = Release|Any CPU
		{76ACD4EC-D3EC-424D-B5A3-B2A742E7D708}.Release|Any CPU.Build.0 = Release|Any CPU
		{8EDF4429-251A-416D-BB68-93F227191BCF}.Debug|Any CPU.ActiveCfg = Debug|Any CPU
		{8EDF4429-251A-416D-BB68-93F227191BCF}.Debug|Any CPU.Build.0 = Debug|Any CPU
		{8EDF4429-251A-416D-BB68-93F227191BCF}.Release|Any CPU.ActiveCfg = Release|Any CPU
		{8EDF4429-251A-416D-BB68-93F227191BCF}.Release|Any CPU.Build.0 = Release|Any CPU
		{4E3CF5D1-FBC8-43F0-993B-235999B4FE7E}.Debug|Any CPU.ActiveCfg = Debug|Any CPU
		{4E3CF5D1-FBC8-43F0-993B-235999B4FE7E}.Debug|Any CPU.Build.0 = Debug|Any CPU
		{4E3CF5D1-FBC8-43F0-993B-235999B4FE7E}.Release|Any CPU.ActiveCfg = Release|Any CPU
		{4E3CF5D1-FBC8-43F0-993B-235999B4FE7E}.Release|Any CPU.Build.0 = Release|Any CPU
	EndGlobalSection
	GlobalSection(SolutionProperties) = preSolution
		HideSolutionNode = FALSE
	EndGlobalSection
EndGlobal
